
Microsoft Visual Studio Solution File, Format Version 12.00
# Visual Studio Version 17
VisualStudioVersion = 17.4.33122.133
MinimumVisualStudioVersion = 10.0.40219.1
Project("{9A19103F-16F7-4668-BE54-9A1E7A4F7556}") = "Ppas.Dal", "Ppas.Dal.csproj", "{196CADD4-D802-4BEB-B237-23F96F32352F}"
EndProject
Global
	GlobalSection(SolutionConfigurationPlatforms) = preSolution
		Debug|Any CPU = Debug|Any CPU
		Release|Any CPU = Release|Any CPU
	EndGlobalSection
	GlobalSection(ProjectConfigurationPlatforms) = postSolution
		{196CADD4-D802-4BEB-B237-23F96F32352F}.Debug|Any CPU.ActiveCfg = Debug|Any CPU
		{196CADD4-D802-4BEB-B237-23F96F32352F}.Debug|Any CPU.Build.0 = Debug|Any CPU
		{196CADD4-D802-4BEB-B237-23F96F32352F}.Release|Any CPU.ActiveCfg = Release|Any CPU
		{196CADD4-D802-4BEB-B237-23F96F32352F}.Release|Any CPU.Build.0 = Release|Any CPU
	EndGlobalSection
	GlobalSection(SolutionProperties) = preSolution
		HideSolutionNode = FALSE
	EndGlobalSection
	GlobalSection(ExtensibilityGlobals) = postSolution
		SolutionGuid = {1F3D95D3-B445-485F-83C4-AD1853CD7DF7}
	EndGlobalSection
EndGlobal
